github.com/cinp/go v1.2.3 h1:3jF1Pofb4hzbpOKUtXi+2FIQeI0GXRgX4DHlPguwZb8=
github.com/cinp/go v1.2.3/go.mod h1:zplBcKLFp0F42AI7cMZVZrRwGY71SpdWFQbLiqltZ9I=
github.com/cinp/go v1.2.4 h1:w+mAq7GZMskSf015Co6084zlgV99pfvufkC9n9W5ibw=
github.com/cinp/go v1.2.4/go.mod h1:zplBcKLFp0F42AI7cMZVZrRwGY71SpdWFQbLiqltZ9I=
