github.com/cinp/go v1.2.1 h1:iNZFyV0zoJ1nAQzT5LLU+WmeYNTv4ClWBpKYQmmLcrA=
github.com/cinp/go v1.2.1/go.mod h1:zplBcKLFp0F42AI7cMZVZrRwGY71SpdWFQbLiqltZ9I=
github.com/cinp/go v1.2.2 h1:2nOiIZ8FKU3yoj633AlU+Ad6AQN0LHF4eiNJ8dPAw98=
github.com/cinp/go v1.2.2/go.mod h1:zplBcKLFp0F42AI7cMZVZrRwGY71SpdWFQbLiqltZ9I=
