github.com/cinp/go v0.9.1 h1:HzUVsfQog0Klp6xIKWiCgG0jCOd15mqMTSYh6m/6SzU=
github.com/cinp/go v0.9.1/go.mod h1:oHlafxc+sfb1nOOWeavCW3vyeV5zDBIdGOXucSvQXk4=
github.com/cinp/go v1.1.5 h1:u3bZTjCiSWophe/egNGvWn/fGja1ZgbCYl0kDPrm9Rg=
github.com/cinp/go v1.1.5/go.mod h1:zplBcKLFp0F42AI7cMZVZrRwGY71SpdWFQbLiqltZ9I=
github.com/cinp/go v1.2.0 h1:w+k8Zhmgv37xw+pyPl766B5z/TBnjXagpXJ2X+oPqU0=
github.com/cinp/go v1.2.0/go.mod h1:zplBcKLFp0F42AI7cMZVZrRwGY71SpdWFQbLiqltZ9I=
